
Microsoft Visual Studio Solution File, Format Version 12.00
# Visual Studio Version 17
VisualStudioVersion = 17.8.34330.188
MinimumVisualStudioVersion = 10.0.40219.1
Project("{FAE04EC0-301F-11D3-BF4B-00C04F79EFBC}") = "LibraryManagementSystem", "LibraryManagementSystem.csproj", "{2339685A-EE5F-490B-B5F3-1867CC2FBF90}"
EndProject
Global
	GlobalSection(SolutionConfigurationPlatforms) = preSolution
		Debug|Any CPU = Debug|Any CPU
		Release|Any CPU = Release|Any CPU
	EndGlobalSection
	GlobalSection(ProjectConfigurationPlatforms) = postSolution
		{2339685A-EE5F-490B-B5F3-1867CC2FBF90}.Debug|Any CPU.ActiveCfg = Debug|Any CPU
		{2339685A-EE5F-490B-B5F3-1867CC2FBF90}.Debug|Any CPU.Build.0 = Debug|Any CPU
		{2339685A-EE5F-490B-B5F3-1867CC2FBF90}.Release|Any CPU.ActiveCfg = Release|Any CPU
		{2339685A-EE5F-490B-B5F3-1867CC2FBF90}.Release|Any CPU.Build.0 = Release|Any CPU
	EndGlobalSection
	GlobalSection(SolutionProperties) = preSolution
		HideSolutionNode = FALSE
	EndGlobalSection
	GlobalSection(ExtensibilityGlobals) = postSolution
		SolutionGuid = {E940E26A-1C9F-4549-8EBA-26987E4B835A}
	EndGlobalSection
EndGlobal
